
Microsoft Visual Studio Solution File, Format Version 12.00
# Visual Studio Version 17
VisualStudioVersion = 17.4.33110.190
MinimumVisualStudioVersion = 10.0.40219.1
Project("{9A19103F-16F7-4668-BE54-9A1E7A4F7556}") = "HomesEngland.AHP", "HomesEngland.AHP\HomesEngland.AHP.csproj", "{995C3505-48A1-4A0E-B430-DE89AA590693}"
EndProject
Project("{9A19103F-16F7-4668-BE54-9A1E7A4F7556}") = "BearerClient", "BearerClient\BearerClient.csproj", "{07B89D0E-5065-4F5C-BBA8-B121259FEC51}"
EndProject
Project("{9A19103F-16F7-4668-BE54-9A1E7A4F7556}") = "HomesEngland.AHP.UnitTests", "HomesEngland.AHP.UnitTests\HomesEngland.AHP.UnitTests.csproj", "{D6B0BB3F-8667-46BB-A2D2-E203D55F8F00}"
EndProject
Global
	GlobalSection(SolutionConfigurationPlatforms) = preSolution
		Debug|Any CPU = Debug|Any CPU
		Release|Any CPU = Release|Any CPU
	EndGlobalSection
	GlobalSection(ProjectConfigurationPlatforms) = postSolution
		{995C3505-48A1-4A0E-B430-DE89AA590693}.Debug|Any CPU.ActiveCfg = Debug|Any CPU
		{995C3505-48A1-4A0E-B430-DE89AA590693}.Debug|Any CPU.Build.0 = Debug|Any CPU
		{995C3505-48A1-4A0E-B430-DE89AA590693}.Release|Any CPU.ActiveCfg = Release|Any CPU
		{995C3505-48A1-4A0E-B430-DE89AA590693}.Release|Any CPU.Build.0 = Release|Any CPU
		{07B89D0E-5065-4F5C-BBA8-B121259FEC51}.Debug|Any CPU.ActiveCfg = Debug|Any CPU
		{07B89D0E-5065-4F5C-BBA8-B121259FEC51}.Debug|Any CPU.Build.0 = Debug|Any CPU
		{07B89D0E-5065-4F5C-BBA8-B121259FEC51}.Release|Any CPU.ActiveCfg = Release|Any CPU
		{07B89D0E-5065-4F5C-BBA8-B121259FEC51}.Release|Any CPU.Build.0 = Release|Any CPU
		{D6B0BB3F-8667-46BB-A2D2-E203D55F8F00}.Debug|Any CPU.ActiveCfg = Debug|Any CPU
		{D6B0BB3F-8667-46BB-A2D2-E203D55F8F00}.Debug|Any CPU.Build.0 = Debug|Any CPU
		{D6B0BB3F-8667-46BB-A2D2-E203D55F8F00}.Release|Any CPU.ActiveCfg = Release|Any CPU
		{D6B0BB3F-8667-46BB-A2D2-E203D55F8F00}.Release|Any CPU.Build.0 = Release|Any CPU
	EndGlobalSection
	GlobalSection(SolutionProperties) = preSolution
		HideSolutionNode = FALSE
	EndGlobalSection
	GlobalSection(ExtensibilityGlobals) = postSolution
		SolutionGuid = {1F47DCA8-0F1D-45AB-AAE4-C2562C9D31C1}
	EndGlobalSection
EndGlobal
